
Microsoft Visual Studio Solution File, Format Version 12.00
Project("{FAE04EC0-301F-11D3-BF4B-00C04F79EFBC}") = "LctKrasnodarWebApi", "LctKrasnodarWebApi\LctKrasnodarWebApi.csproj", "{241A6AF1-E665-4671-BEB3-DB82B6FA85DC}"
EndProject
Global
	GlobalSection(SolutionConfigurationPlatforms) = preSolution
		Debug|Any CPU = Debug|Any CPU
		Release|Any CPU = Release|Any CPU
	EndGlobalSection
	GlobalSection(ProjectConfigurationPlatforms) = postSolution
		{241A6AF1-E665-4671-BEB3-DB82B6FA85DC}.Debug|Any CPU.ActiveCfg = Debug|Any CPU
		{241A6AF1-E665-4671-BEB3-DB82B6FA85DC}.Debug|Any CPU.Build.0 = Debug|Any CPU
		{241A6AF1-E665-4671-BEB3-DB82B6FA85DC}.Release|Any CPU.ActiveCfg = Release|Any CPU
		{241A6AF1-E665-4671-BEB3-DB82B6FA85DC}.Release|Any CPU.Build.0 = Release|Any CPU
	EndGlobalSection
EndGlobal
